{
  "name": "pauta-fluxo",
  "version": "0.1.2",
  "lockfileVersion": 3,
  "requires": true,
  "packages": {
    "": {
      "name": "pauta-fluxo",
      "version": "0.1.2",
      "dependencies": {
        "@vitejs/plugin-react": "latest",
        "firebase": "^12.18.0",
        "lucide-react": "latest",
        "react": "latest",
        "react-dom": "latest",
        "vite": "latest"
      },
      "devDependencies": {
        "@types/react": "latest",
        "@types/react-dom": "latest",
        "firebase-tools": "^15.29.0",
        "typescript": "latest",
        "vitest": "latest"
      }
    },
    "node_modules/@apidevtools/json-schema-ref-parser": {
      "version": "9.1.2",
      "resolved": "https://registry.npmjs.org/@apidevtools/json-schema-ref-parser/-/json-schema-ref-parser-9.1.2.tgz",
      "integrity": "sha512-r1w81DpR+KyRWd3f+rk6TNqMgedmAxZP5v5KWlXQWlgMUUtyEJch0DKEci1SorPMiSeM8XPl7MZ3miJ60JIpQg==",
      "dev": true,
      "license": "MIT",
      "dependencies": {
        "@jsdevtools/ono": "^7.1.3",
        "@types/json-schema": "^7.0.6",
        "call-me-maybe": "^1.0.1",
        "js-yaml": "^4.1.0"
      }
    },
    "node_modules/@apphosting/common": {
      "version": "0.0.8",
      "resolved": "https://registry.npmjs.org/@apphosting/common/-/common-0.0.8.tgz",
      "integrity": "sha512-RJu5gXs2HYV7+anxpVPpp04oXeuHbV3qn402AdXVlnuYM/uWo7aceqmngpfp6Bi376UzRqGjfpdwFHxuwsEGXQ==",
      "dev": true,
      "license": "Apache-2.0"
    },
    "node_modules/@colors/colors": {
      "version": "1.5.0",
      "resolved": "https://registry.npmjs.org/@colors/colors/-/colors-1.5.0.tgz",
      "integrity": "sha512-ooWCrlZP11i8GImSjTHYHLkvFDP48nS4+204nGb1RiX/WXYHmJA2III9/e2DWVabCESdW7hBAEzHRqUn9OUVvQ==",
      "dev": true,
      "license": "MIT",
      "optional": true,
      "engines": {
        "node": ">=0.1.90"
      }
    },
    "node_modules/@dabh/diagnostics": {
      "version": "2.0.8",
      "resolved": "https://registry.npmjs.org/@dabh/diagnostics/-/diagnostics-2.0.8.tgz",
      "integrity": "sha512-R4MSXTVnuMzGD7bzHdW2ZhhdPC/igELENcq5IjEverBvq5hn1SXCWcsi6eSsdWP0/Ur+SItRRjAktmdoX/8R/Q==",
      "dev": true,
      "license": "MIT",
      "dependencies": {
        "@so-ric/colorspace": "^1.1.6",
        "enabled": "2.0.x",
        "kuler": "^2.0.0"
      }
    },
    "node_modules/@electric-sql/pglite": {
      "version": "0.3.16",
      "resolved": "https://registry.npmjs.org/@electric-sql/pglite/-/pglite-0.3.16.tgz",
      "integrity": "sha512-mZkZfOd9OqTMHsK+1cje8OSzfAQcpD7JmILXTl5ahdempjUDdmg4euf1biDex5/LfQIDJ3gvCu6qDgdnDxfJmA==",
      "dev": true,
      "license": "Apache-2.0"
    },
    "node_modules/@electric-sql/pglite-tools": {
      "version": "0.2.21",
      "resolved": "https://registry.npmjs.org/@electric-sql/pglite-tools/-/pglite-tools-0.2.21.tgz",
      "integrity": "sha512-kv8Z7UmmBVECHud63VblgQLp4A+qSklNP7H22VQqFQGrWFTodc73bubcjgmBqThFsIIiEeAEQQYwWGaK2lSDtA==",
      "dev": true,
      "license": "Apache-2.0",
      "peerDependencies": {
        "@electric-sql/pglite": "0.3.16"
      }
    },
    "node_modules/@firebase/ai": {
      "version": "2.15.0",
      "resolved": "https://registry.npmjs.org/@firebase/ai/-/ai-2.15.0.tgz",
      "integrity": "sha512-Aj7TbFdAIWZdkX8JfdDStERpR35g6WNs+7XhNPtFLFOizUotj6k4N/D8HJkR45165HhnMJBe4hjOeeaxnnn56Q==",
      "license": "Apache-2.0",
      "dependencies": {
        "@firebase/app-check-interop-types": "0.3.5",
        "@firebase/component": "0.7.5",
        "@firebase/logger": "0.5.2",
        "@firebase/util": "1.15.3",
        "tslib": "^2.1.0"
      },
      "engines": {
        "node": ">=20.0.0"
      },
      "peerDependencies": {
        "@firebase/app": "0.x",
        "@firebase/app-types": "0.x"
      }
    },
    "node_modules/@firebase/analytics": {
      "version": "0.10.24",
      "resolved": "https://registry.npmjs.org/@firebase/analytics/-/analytics-0.10.24.tgz",
      "integrity": "sha512-OfIAcIIwoqXjBzS+DnUQpOZ7i3ePaNFg83KPpDWjBZUKJmqMwzzAtLJqmKZOkQnW8im6vFR6f2I3M/9hxVd+QA==",
      "license": "Apache-2.0",
      "dependencies": {
        "@firebase/component": "0.7.5",
        "@firebase/installations": "0.6.24",
        "@firebase/logger": "0.5.2",
        "@firebase/util": "1.15.3",
        "tslib": "^2.1.0"
      },
      "peerDependencies": {
        "@firebase/app": "0.x"
      }
    },
    "node_modules/@firebase/analytics-compat": {
      "version": "0.2.30",
      "resolved": "https://registry.npmjs.org/@firebase/analytics-compat/-/analytics-compat-0.2.30.tgz",
      "integrity": "sha512-uVZEKlLaW4AHAhv8zoN9cTmveX6v86AVqcJ4LCaRCMTChTH8/NsjbisTq1lpBfWCLWS1spqwSHB4vol/YSCdMA==",
      "license": "Apache-2.0",
      "dependencies": {
        "@firebase/analytics": "0.10.24",
        "@firebase/analytics-types": "0.8.5",
        "@firebase/component": "0.7.5",
        "@firebase/util": "1.15.3",
        "tslib": "^2.1.0"
      },
      "peerDependencies": {
        "@firebase/app": "0.x",
        "@firebase/app-compat": "0.x"
      }
    },
    "node_modules/@firebase/analytics-types": {
      "version": "0.8.5",
      "resolved": "https://registry.npmjs.org/@firebase/analytics-types/-/analytics-types-0.8.5.tgz",
      "integrity": "sha512-kdnooE7Bis2jEnsqcerRwn/UQpH5D3uvHpku7OdUM9TJN3omlu6iYtbyAQ6XkAJRgJtO0aNf9OOkW8J6D59oCA==",
      "license": "Apache-2.0"
    },
    "node_modules/@firebase/app": {
      "version": "0.16.1",
      "resolved": "https://registry.npmjs.org/@firebase/app/-/app-0.16.1.tgz",
      "integrity": "sha512-tjUEorFyKrurH7PbLWv9zDHRuU4mLefgD/yY38D584ziorIRlQz/PVjx4c/SCGyCuUlmyzt72mK+Lh+COAywNQ==",
      "license": "Apache-2.0",
      "dependencies": {
        "@firebase/component": "0.7.5",
        "@firebase/logger": "0.5.2",
        "@firebase/util": "1.15.3",
        "idb": "7.1.1",
        "tslib": "^2.1.0"
      },
      "engines": {
        "node": ">=20.0.0"
      }
    },
    "node_modules/@firebase/app-check": {
      "version": "0.13.1",
      "resolved": "https://registry.npmjs.org/@firebase/app-check/-/app-check-0.13.1.tgz",
      "integrity": "sha512-l8y3dmnhodXks/APAwx4tWqRl3tk8b9874KF1FJyKg1DIU+kMD0l52iz7S9/MW+eK8k6cjJg0G0iJ5KQAsQpow==",
      "license": "Apache-2.0",
      "dependencies": {
        "@firebase/component": "0.7.5",
        "@firebase/logger": "0.5.2",
        "@firebase/util": "1.15.3",
        "tslib": "^2.1.0"
      },
      "engines": {
        "node": ">=20.0.0"
      },
      "peerDependencies": {
        "@firebase/app": "0.x"
      }
    },
    "node_modules/@firebase/app-check-compat": {
      "version": "0.4.7",
      "resolved": "https://registry.npmjs.org/@firebase/app-check-compat/-/app-check-compat-0.4.7.tgz",
      "integrity": "sha512-fBb/xSMyIKv1nDmccfzz3IAGBzx/cQOxmZai66rJzifb1hMMkztf824Xx7LhpTUe7HNUbXwY90IvJ66fi8q6yg==",
      "license": "Apache-2.0",
      "dependencies": {
        "@firebase/app-check": "0.13.1",
        "@firebase/app-check-types": "0.5.5",
        "@firebase/component": "0.7.5",
        "@firebase/logger": "0.5.2",
        "@firebase/util": "1.15.3",
        "tslib": "^2.1.0"
      },
      "engines": {
        "node": ">=20.0.0"
      },
      "peerDependencies": {
        "@firebase/app": "0.x",
        "@firebase/app-compat": "0.x"
      }
    },
    "node_modules/@firebase/app-check-interop-types": {
      "version": "0.3.5",
      "resolved": "https://registry.npmjs.org/@firebase/app-check-interop-types/-/app-check-interop-types-0.3.5.tgz",
      "integrity": "sha512-qId34pVZ2CXTmtu4ofW5leiI93DvnOvIcr/5GT7MZPw5WXAi6nZoU+g9cNRgl7K90UJSbK0cXxten4meYMPyZg==",
      "license": "Apache-2.0"
    },
    "node_modules/@firebase/app-check-types": {
      "version": "0.5.5",
      "resolved": "https://registry.npmjs.org/@firebase/app-check-types/-/app-check-types-0.5.5.tgz",
      "integrity": "sha512-+DF4gzFrlwGFyky38o4T/YN/r51l70yCtJ2HTkwmRj8FCMwPjm4hLH4fQbj6BUvzkiFqliBkitFsRpf1/YZkWA==",
      "license": "Apache-2.0"
    },
    "node_modules/@firebase/app-compat": {
      "version": "0.5.17",
      "resolved": "https://registry.npmjs.org/@firebase/app-compat/-/app-compat-0.5.17.tgz",
      "integrity": "sha512-5GdJWobqs6jbNYOnaQiSa4Ng8gnFerhqr7nY+v5jlnT7o9QbEeIZRLPQpnLe0TxYSWfRV2lAMbyR0kbXeIos9Q==",
      "license": "Apache-2.0",
      "dependencies": {
        "@firebase/app": "0.16.1",
        "@firebase/component": "0.7.5",
        "@firebase/logger": "0.5.2",
        "@firebase/util": "1.15.3",
        "tslib": "^2.1.0"
      },
      "engines": {
        "node": ">=20.0.0"
      }
    },
    "node_modules/@firebase/app-types": {
      "version": "0.9.6",
      "resolved": "https://registry.npmjs.org/@firebase/app-types/-/app-types-0.9.6.tgz",
      "integrity": "sha512-yPLahy7Esfu2w/yme3msVK4xTkDXQqq6szfQn8yVOQpCKiT5GVFjqNpLbuz6NkX0WuTwUidkmPewW3r4xkvpeg==",
      "license": "Apache-2.0",
      "dependencies": {
        "@firebase/logger": "0.5.2"
      }
    },
    "node_modules/@firebase/auth": {
      "version": "1.13.5",
      "resolved": "https://registry.npmjs.org/@firebase/auth/-/auth-1.13.5.tgz",
      "integrity": "sha512-1AXoBJqBVD8WL8FZYo3S2GmJF9YUoom6Y6ngMxOSkzzhW5sT83pLchb6TGFgxes91dfXx8s/VYc5VrLDNqpLog==",
      "license": "Apache-2.0",
      "dependencies": {
        "@firebase/component": "0.7.5",
        "@firebase/logger": "0.5.2",
        "@firebase/util": "1.15.3",
        "tslib": "^2.1.0"
      },
      "engines": {
        "node": ">=20.0.0"
      },
      "peerDependencies": {
        "@firebase/app": "0.x",
        "@react-native-async-storage/async-storage": "^2.2.0 || ^3.0.0"
      },
      "peerDependenciesMeta": {
        "@react-native-async-storage/async-storage": {
          "optional": true
        }
      }
    },
    "node_modules/@firebase/auth-compat": {
      "version": "0.6.10",
      "resolved": "https://registry.npmjs.org/@firebase/auth-compat/-/auth-compat-0.6.10.tgz",
      "integrity": "sha512-Bvklg2nL7BrBFCAqdsleW8fse9Jh0fARqJPlJmA40uermfWx1bJiO7dnKyZN3J39d2TFVd4VJXtg3i6Wg92/YQ==",
      "license": "Apache-2.0",
      "dependencies": {
        "@firebase/auth": "1.13.5",
        "@firebase/auth-types": "0.13.2",
        "@firebase/component": "0.7.5",
        "@firebase/util": "1.15.3",
        "tslib": "^2.1.0"
      },
      "engines": {
        "node": ">=20.0.0"
      },
      "peerDependencies": {
        "@firebase/app": "0.x",
        "@firebase/app-compat": "0.x"
      }
    },
    "node_modules/@firebase/auth-interop-types": {
      "version": "0.2.6",
      "resolved": "https://registry.npmjs.org/@firebase/auth-interop-types/-/auth-interop-types-0.2.6.tgz",
      "integrity": "sha512-FgwZqDrBqgK0BHI70QTv1v/5wmuDF9f8fsJFvKSxoRlK2PPfSQtZAk2jhXu4pe9BZzFi/e4UYusU/bEQHdf6Qg==",
      "license": "Apache-2.0"
    },
    "node_modules/@firebase/auth-types": {
      "version": "0.13.2",
      "resolved": "https://registry.npmjs.org/@firebase/auth-types/-/auth-types-0.13.2.tgz",
      "integrity": "sha512-OU+miuoSxIWYN7GT291d2ylVJBL3k/OePo7/JDSoQtkFQoEiGBc4AHuMjj/seqFIsHrqnjrAfRCk4pfufoJolQ==",
      "license": "Apache-2.0",
      "peerDependencies": {
        "@firebase/app-types": "0.x",
        "@firebase/util": "1.x"
      }
    },
    "node_modules/@firebase/component": {
      "version": "0.7.5",
      "resolved": "https://registry.npmjs.org/@firebase/component/-/component-0.7.5.tgz",
      "integrity": "sha512-vuFDcL91Q+2ZuBJkyOh86T4q0B4ffNTDjc/A38tybO56odQABxRTFLTIowCWqAKeIcgo37GowWMVgFF73gD8Qw==",
      "license": "Apache-2.0",
      "dependencies": {
        "@firebase/util": "1.15.3",
        "tslib": "^2.1.0"
      },
      "engines": {
        "node": ">=20.0.0"
      }
    },
    "node_modules/@firebase/data-connect": {
      "version": "0.7.4",
      "resolved": "https://registry.npmjs.org/@firebase/data-connect/-/data-connect-0.7.4.tgz",
      "integrity": "sha512-su1aGWlzhxb+xtggCUSsufJn1FDa06SBDK71y+fpQ+g2zMhMExik6FUv/odkKzOF/xfWVjabCbWBcjJY3MceDA==",
      "license": "Apache-2.0",
      "dependencies": {
        "@firebase/auth-interop-types": "0.2.6",
        "@firebase/component": "0.7.5",
        "@firebase/logger": "0.5.2",
        "@firebase/util": "1.15.3",
        "tslib": "^2.1.0"
      },
      "peerDependencies": {
        "@firebase/app": "0.x"
      }
    },
    "node_modules/@firebase/database": {
      "version": "1.1.5",
      "resolved": "https://registry.npmjs.org/@firebase/database/-/database-1.1.5.tgz",
      "integrity": "sha512-/JGpvszLoNXNgzilRXocigGfFF4hbcPA9wN1i1kjJx6oKkXgkHteZYl3lQs1lJX3ETDf6bv7zI15lPMVUp4sAQ==",
      "license": "Apache-2.0",
      "dependencies": {
        "@firebase/app-check-interop-types": "0.3.5",
        "@firebase/auth-interop-types": "0.2.6",
        "@firebase/component": "0.7.5",
        "@firebase/logger": "0.5.2",
        "@firebase/util": "1.15.3",
        "faye-websocket": "0.11.4",
        "tslib": "^2.1.0"
      },
      "engines": {
        "node": ">=20.0.0"
      }
    },
    "node_modules/@firebase/database-compat": {
      "version": "2.1.7",
      "resolved": "https://registry.npmjs.org/@firebase/database-compat/-/database-compat-2.1.7.tgz",
      "integrity": "sha512-lBq9sJm8MnJINKJnkAKSOj2MbC66xGoSVCcGkPtstl+lkoKEBtD46qHLbuDgW/WbLPoKVm17RIN8BxHj+Z2F2w==",
      "license": "Apache-2.0",
      "dependencies": {
        "@firebase/component": "0.7.5",
        "@firebase/database": "1.1.5",
        "@firebase/database-types": "1.0.22",
        "@firebase/logger": "0.5.2",
        "@firebase/util": "1.15.3",
        "tslib": "^2.1.0"
      },
      "engines": {
        "node": ">=20.0.0"
      },
      "peerDependencies": {
        "@firebase/app": "0.x",
        "@firebase/app-compat": "0.x"
      },
      "peerDependenciesMeta": {
        "@firebase/app": {
          "optional": true
        },
        "@firebase/app-compat": {
          "optional": true
        }
      }
    },
    "node_modules/@firebase/database-types": {
      "version": "1.0.22",
      "resolved": "https://registry.npmjs.org/@firebase/database-types/-/database-types-1.0.22.tgz",
      "integrity": "sha512-YAZNXsjY9EQQ+pKw/3ax8n5FgolHC7Qew7EY5RceYdl0R2ZP+kCv1O0DkKlcceue8uQCOreHCNN7PWVFpY1Nug==",
      "license": "Apache-2.0",
      "dependencies": {
        "@firebase/app-types": "0.9.6",
        "@firebase/util": "1.15.3"
      }
    },
    "node_modules/@firebase/firestore": {
      "version": "4.17.1",
      "resolved": "https://registry.npmjs.org/@firebase/firestore/-/firestore-4.17.1.tgz",
      "integrity": "sha512-8lqPNf2w10CtYG+tayVjZO1pSyQpnhztQRudeD109VtXDzNbASTaYdO43sj5PMsDcWq0aOYY3RmJOUlXu9++jw==",
      "license": "Apache-2.0",
      "dependencies": {
        "@firebase/component": "0.7.5",
        "@firebase/logger": "0.5.2",
        "@firebase/util": "1.15.3",
        "@firebase/webchannel-wrapper": "1.0.7",
        "@grpc/grpc-js": "~1.9.0",
        "@grpc/proto-loader": "^0.7.8",
        "re2js": "^2.8.3",
        "tslib": "^2.1.0"
      },
      "engines": {
        "node": ">=20.0.0"
      },
      "peerDependencies": {
        "@firebase/app": "0.x"
      }
    },
    "node_modules/@firebase/firestore-compat": {
      "version": "0.4.13",
      "resolved": "https://registry.npmjs.org/@firebase/firestore-compat/-/firestore-compat-0.4.13.tgz",
      "integrity": "sha512-l9dCewxMzzLOIhcwTjERCKxrWOn1kZ9JvwOQq9zZNq4I/Nbvb/B9njT230V61uvQ9qZ3/qpUG758D8DDTEFXnw==",
      "license": "Apache-2.0",
      "dependencies": {
        "@firebase/component": "0.7.5",
        "@firebase/firestore": "4.17.1",
        "@firebase/firestore-types": "3.0.5",
        "@firebase/util": "1.15.3",
        "tslib": "^2.1.0"
      },
      "engines": {
        "node": ">=20.0.0"
      },
      "peerDependencies": {
        "@firebase/app": "0.x",
        "@firebase/app-compat": "0.x"
      }
    },
    "node_modules/@firebase/firestore-types": {
      "version": "3.0.5",
      "resolved": "https://registry.npmjs.org/@firebase/firestore-types/-/firestore-types-3.0.5.tgz",
      "integrity": "sha512-dbdMAQkMd5dwWc48eupz/Y6/E9ruat3+gY5lhVKscvvT/HnDBEEMzJW38zdKhgdnglZHGk2vUsJMOHAphMHGMA==",
      "license": "Apache-2.0",
      "peerDependencies": {
        "@firebase/app-types": "0.x",
        "@firebase/util": "1.x"
      }
    },
    "node_modules/@firebase/functions": {
      "version": "0.14.0",
      "resolved": "https://registry.npmjs.org/@firebase/functions/-/functions-0.14.0.tgz",
      "integrity": "sha512-DhuYFr0eMhp+s/PNEk6SiMsYkc00+XVOUeKbrl8MOzQNZI3SKQpqoDR1d+keNDAutwmHRWTUAdXBoVPD+xxVUw==",
      "license": "Apache-2.0",
      "dependencies": {
        "@firebase/app-check-interop-types": "0.3.5",
        "@firebase/auth-interop-types": "0.2.6",
        "@firebase/component": "0.7.5",
        "@firebase/messaging-interop-types": "0.2.6",
        "@firebase/util": "1.15.3",
        "tslib": "^2.1.0"
      },
      "engines": {
        "node": ">=20.0.0"
      },
      "peerDependencies": {
        "@firebase/app": "0.x"
      }
    },
    "node_modules/@firebase/functions-compat": {
      "version": "0.5.0",
      "resolved": "https://registry.npmjs.org/@firebase/functions-compat/-/functions-compat-0.5.0.tgz",
      "integrity": "sha512-T3BDIToESZUHt7438wyKYMkRjKg3m1xAIux5fVpNvTRQlDOFLukWniQWBDhJ2znpU9kxMTR6+e31TVo8P15PZw==",
      "license": "Apache-2.0",
      "depeu׏7ښ$z{-Ωܪםښ]HΈϏLǨK̈˂Ȉۙ\܈Έ׍̋̈˂Ȉܘ\܈Έ׌K͌̈˂Ȉܘ\܋Y[XٙYΈ׌K͌̈˂Ȉܝ[\ȎȈϏL͍Έ˂ȈܝY؜ܜȎȈ׍K̋̈˂Ȉݙ\ܙ\ȎȈ׍K̍ˌ˂ȈݜވΈ׍΋̈˂Ȉޘ[[Έ׌ˍ̈KȈܙY\љ\[ٙ[ؚY\ә]HΈН\\˛ۙHΈۜ[ۘ[ΈݙBȈKȈНڝZ܋ٙ]ݛۛȎȞۜ[ۘ[ΈݙBȈKȈٜ؝Z[Έۜ[ۘ[ΈݙBȈKȈښ]HΈۜ[ۘ[ΈݙBȈKȈۙ\܈Έۜ[ۘ[ΈݙBȈKȈܘ\܈Έۜ[ۘ[ΈݙBȈKȈܘ\܋Y[XٙYΈۜ[ۘ[ΈݙBȈKȈܝ[\ȎȞۜ[ۘ[ΈݙBȈKȈܝY؜ܜȎȞۜ[ۘ[ΈݙBȈKȈݙ\ܙ\ȎȞۜ[ۘ[ΈݙBȈKȈݜވΈۜ[ۘ[ΈݙBȈKȈޘ[[Έۜ[ۘ[ΈݙBȈBȈBȈKȈۛٙWۛٝ[\˝ڝ\݈Έݙ\ܚ[ۈΈ͋̋̈˂Ȉܙ\ۛٙΈڝ΋˜ٙڜݜދۜZ܋ًۜݚ]\݋ˋݚ]\݋MK̋̋ݙވ˂ȈڛݙYܚ]HΈܚMLL˙ܜӓ۔ړZӚݕޔݓҍԒݔ[ݕؓQ͛њ[QҌQXܓLӑNMԛҕՒTMٕݕܛRѝL֎TԚVΔOOH˂Ȉٙ]ȎȝݙKȈۚXٛܙHΈӒU˂Ȉٙ\[ٙ[ؚY\ȎȞН\\˘ژZHΈ׍K̋̈˂ȈНڝ\݋ؚٜۛȎȈ͋̋̈˂ȈؚZHΈ׍ˌˌȋȈٜ˛[ٝ[K[^\ȎȈ׌ˌˌȋȈٞX݋]\HΈ׌K͋̈˂ȈۘYژ˜ݜڛوΈ׌K̋̈˂ȈۘݙȎȈ׌ˌK͈˂ȈܚXۛX]ڈΈ׍͈̋˂ȈܝY[݈Έ׍̋̈˂Ȉݚ[ޘؚٛΈ͈͋̋˂Ȉݚ[ޙ^XȎȈ̋̋̈˂Ȉݚ[ޙؘۛވΈ׌̋̍ȋȈݚKZ\˛ۙK\ݛۚ[وΈ׌ˌˌKȈؚ[ȎȞݚ]\݈Έݚ]\݋ۚ܈KȈٛٚ[ٜȎȞۛٙHΈ׌̋̌ˌ̍̋̈ό͋̋̈KȈٝ[ٚ[وΈݜۈΈڝ΋˛ܙ[؛ۛXݚ]ً؛ۋݚ]\݈KȈܙY\љ\[ٙ[ؚY\ȎȞЙYً\ݛݚ[YKݛHΈʈ˂ȈЛܙ[ݙ[[Y]ދ؜HΈ׌K΋̈˂ȈН\\˛ۙHΈ׌̋̋̈ό͋̋̈˂ȈНڝ\݋؜۝ܙ\˜^]ܚYڝΈ͋̋̈˂ȈНڝ\݋؜۝ܙ\˜ٝڙ]ȎȈ͋̋̈˂ȈНڝ\݋؜۝ܙ\˝ٜ٘ڝٜڛȎȈ׍K̋̋XٝK͈ύK̋̈˂ȈНڝ\݋؛ݙ\ًؙZ\ݘ[؝[Έ͋̋̈˂ȈНڝ\݋؛ݙ\ًؙ]ΈΈ͋̋̈˂ȈНڝ\݋ݚHΈ͋̋̈˂Ȉژ\KYۈΈʈ˂ȈڜٛۈΈʈ˂Ȉݚ]HΈ׍ˍ̈͋̋̈΋̋̈KȈܙY\љ\[ٙ[ؚY\ә]HΈЙYً\ݛݚ[YKݛHΈۜ[ۘ[ΈݙBȈKȈЛܙ[ݙ[[Y]ދ؜HΈۜ[ۘ[ΈݙBȈKȈН\\˛ۙHΈۜ[ۘ[ΈݙBȈKȈНڝ\݋؜۝ܙ\˜^]ܚYڝΈۜ[ۘ[ΈݙBȈKȈНڝ\݋؜۝ܙ\˜ٝڙ]ȎȞۜ[ۘ[ΈݙBȈKȈНڝ\݋؜۝ܙ\˝ٜ٘ڝٜڛȎȞۜ[ۘ[ΈݙBȈKȈНڝ\݋؛ݙ\ًؙZ\ݘ[؝[Έۜ[ۘ[ΈݙBȈKȈНڝ\݋؛ݙ\ًؙ]ΈΈۜ[ۘ[ΈݙBȈKȈНڝ\݋ݚHΈۜ[ۘ[ΈݙBȈKȈژ\KYۈΈۜ[ۘ[ΈݙBȈKȈڜٛۈΈۜ[ۘ[ΈݙBȈKȈݚ]HΈۜ[ۘ[Έ؛قȈBȈBȈKȈۛٙWۛٝ[\˝؝ڙΈݙ\ܚ[ۈΈ̋̋̈˂Ȉܙ\ۛٙΈڝ΋˜ٙڜݜދۜZ܋ًۜݘݚYˋݘݚYLK̋̋ݙވ˂ȈڛݙYܚ]HΈܚMLL˖]ԌM՘^ݑ΍JΑVZؚPݞ֝ьۚ؍ә̐M͐ԝNJќRSқՍԚݙXMٝҔڍUٖԌYՎϏH˂Ȉٙ]ȎȝݙKȈۚXٛܙHΈӒU˂Ȉٙ\[ٙ[ؚY\ȎȞٙY؝[ȎȈ׌K̋̈BȈKȈۛٙWۛٝ[\˝٘˜ݜ٘[\˜۞YڛΈݙ\ܚ[ۈΈ̋̋̈˂Ȉܙ\ۛٙΈڝ΋˜ٙڜݜދۜZ܋ًۜݙX˜ݜ٘[\˜۞YڛˋݙX˜ݜ٘[\˜۞YڛLˌˌ˝ވ˂ȈڛݙYܚ]HΈܚMLL˙ҕӐڝۖ֕қٙNS\ّЖܝM̐ښؕіZڐ̚ڛՙQܖ̑юKے؎ѕؘ͔N֒֕͒RҖ֝ϏH˂Ȉٙ]ȎȝݙKȈۚXٛܙHΈӒU˂Ȉٛٚ[ٜȎȞۛٙHΈϏHBȈKȈۛٙWۛٝ[\˝٘˝ڝ[ȎȞݙ\ܚ[ۈΈ͈͋̋˂Ȉܙ\ۛٙΈڝ΋˜ٙڜݜދۜZ܋ًۜݙX˝ڝ[ˋKݙX˝ڝ[ˍ̋͋ݙވ˂ȈڛݙYܚ]HΈܚMLL˜͑[Бݒ͖SLLU֜ΎLۙ܍ѐRٌԊړ̔̕[ܞ]ݍN\؞ٍ՚QؘΖΔ^՘ܒӝ݋ٌәݜݏOH˂ȈۚXٛܙHΈМXڙKLˌKȈۛٙWۛٝ[\˝٘ڙXۛݙ\ܚ[ۜȎȞݙ\ܚ[ۈΈ̋̋̈˂Ȉܙ\ۛٙΈڝ΋˜ٙڜݜދۜZ܋ًۜݙXڙXۛݙ\ܚ[ۜˋKݙXڙXۛݙ\ܚ[ۜˌˌ̋ݙވ˂ȈڛݙYܚ]HΈܚMLLˌҐ[̞ΐT͜ڒΔێܔЌؘۋќSݔԙ֍LPڙʑXSSV^ҞVRӎY]XԑڝЛޓ\ٛӘΚޘYTOOH˂Ȉٙ]ȎȝݙKȈۚXٛܙHΈДыLːۘ]\وKȈۛٙWۛٝ[\˝٘ܛؚٝYڝٜȎȞݙ\ܚ[ۈΈ͈̋͋˂Ȉܙ\ۛٙΈڝ΋˜ٙڜݜދۜZ܋ًۜݙXܛؚٝYڝٜˋKݙXܛؚٝYڝٜˌ͋͋ݙވ˂ȈڛݙYܚ]HΈܚMLL˖ӌʌ؍ړPْTГ^͛ԓRQ՞ʕS
ޕڍ͓ۘژژۘ؎ҘLMSЌNQM[ڌ\RZKݚ͍ݜҜ֑ӛ͞ЏOH˂ȈۚXٛܙHΈМXڙKLˌ˂Ȉٙ\[ٙ[ؚY\ȎȞڝ\\ܙ\˚܈ΈϏL͋̈˂ȈܘYًXݙٙ\ȎȈϏMK̋̈˂ȈݙXܛؚٝY^[ܚ[ۜȎȈϏL̋̈KȈٛٚ[ٜȎȞۛٙHΈϏL΋̈BȈKȈۛٙWۛٝ[\˝٘ܛؚٝY^[ܚ[ۜȎȞݙ\ܚ[ۈΈ͈̋̋˂Ȉܙ\ۛٙΈڝ΋˜ٙڜݜދۜZ܋ًۜݙXܛؚٝY^[ܚ[ۜˋKݙXܛؚٝY^[ܚ[ۜˌ̋͋ݙވ˂ȈڛݙYܚ]HΈܚMLL˓ܙYQәܑ̌USݖXБӔؓΛNQˌؒRٖ͋ёQܔލ՝ܞSތГјQSًΕܑҜ[͌ՍRڛҔܙϏH˂ȈۚXٛܙHΈМXڙKLˌ˂Ȉٛٚ[ٜȎȞۛٙHΈϏL΋̈BȈKȈۛٙWۛٝ[\˝ژ]ًYٝڈΈݙ\ܚ[ۈΈ̋͋̌˂Ȉܙ\ۛٙΈڝ΋˜ٙڜݜދۜZ܋ًۜݚ]ًYٝڋˋݚ]ًYٝڋLˍˌ̋ݙވ˂ȈڛݙYܚ]HΈܚMLLˑ\ZQՍ٘SЎܚӕՓۚӑ̚MӜўԖZQܑSPΑؖʔܞ؝PQT֍͞YSՕܞMҖۍΖΓRҙ\ٙϏH˂Ȉٙ]ȎȝݙKȈۚXٛܙHΈӒUKȈۛٙWۛٝ[\˝ژ]ً]\ۈΈݙ\ܚ[ۈΈ͋̋̈˂Ȉܙ\ۛٙΈڝ΋˜ٙڜݜދۜZ܋ًۜݚ]ً]\ۋˋݚ]ً]\ۋMK̋̋ݙވ˂ȈڛݙYܚ]HΈܚMLL˜ؑMM۝\̒͝L͊ڞН֘LҔތΒԞԝٓ͞\̒PޚݚPLKՕQғT՜\Μΐ[ݒP֑]Sғ֕ϏH˂Ȉٙ]ȎȝݙKȈۚXٛܙHΈӒU˂Ȉٙ\[ٙ[ؚY\ȎȞݜ͍ȎȈߌ̋̈˂ȈݙXڙXۛݙ\ܚ[ۜȎȈ׌ˌ̈BȈKȈۛٙWۛٝ[\˝ښXڈΈݙ\ܚ[ۈΈ̋̋̈˂Ȉܙ\ۛٙΈڝ΋˜ٙڜݜދۜZ܋ًۜݚXڋˋݚXڋLˌ̋ݙވ˂ȈڛݙYܚ]HΈܚMLLːӒL՛U̔ۍ̛ޜL֍͚J؝ܝ֜\ѐ֕ښܓ]ؖܓQ
ޚ͜ڕ̚ݑQҘVVڑU͛٘\ӓQRӓZژЏOH˂Ȉٙ]ȎȝݙKȈۚXٛܙHΈҔЈ˂Ȉٙ\[ٙ[ؚY\ȎȞڜٞHΈ׌ˌ̈KȈؚ[ȎȞۛٙK]ښXڈΈؚ[˛ۙK]ښXڈKȈٛٚ[ٜȎȞۛٙHΈϏHBȈKȈۛٙWۛٝ[\˝ڞKZ\˛ۙK\ݛۚ[وΈݙ\ܚ[ۈΈ̋̋̈˂Ȉܙ\ۛٙΈڝ΋˜ٙڜݜދۜZ܋ًۜݚKZ\˛ۙK\ݛۚ[ًˋݚKZ\˛ۙK\ݛۚ[ًLˌˌݙވ˂ȈڛݙYܚ]HΈܚMLL˚\ۘUЙјޝ֜[ޚ^ݛҞԓ՚ؖ՚Sގњڔ͙ZQZX͖֒ۛ]ݝUەZR^SʐޖQۚێӛNϏH˂Ȉٙ]ȎȝݙKȈۚXٛܙHΈӒU˂Ȉٙ\[ٙ[ؚY\ȎȞܚYڛٛȎȈ׌ˌ̈˂ȈܝXژؘڈΈ̋̋̈KȈؚ[ȎȞݚKZ\˛ۙK\ݛۚ[وΈ؛KڜȂȈKȈٛٚ[ٜȎȞۛٙHΈϏNBȈKȈۛٙWۛٝ[\˝ڙ\݋[[وΈݙ\ܚ[ۈΈ̋̋̈˂Ȉܙ\ۛٙΈڝ΋˜ٙڜݜދۜZ܋ًۜݚY\݋[[ًˋݚY\݋[[ًLˌK̋ݙވ˂ȈڛݙYܚ]HΈܚMLL˓ܛ[֘[ՕѓQݜ͔̎؎YۖښړҕЕ֓ҝRӎZݖ՜Θԙ٘ZʝTэ
ӘΓؘ[ޙUZ^QԑٙϏH˂Ȉٙ]ȎȝݙKȈۚXٛܙHΈӒU˂Ȉٙ\[ٙ[ؚY\ȎȞܝڛً]ڙΈ׍̋̈KȈٛٚ[ٜȎȞۛٙHΈϏNBȈKȈۛٙWۛٝ[\˝ڛܝۈΈݙ\ܚ[ۈΈ̋̎K̈˂Ȉܙ\ۛٙΈڝ΋˜ٙڜݜދۜZ܋ًۜݚ[ܝۋˋݚ[ܝۋLˌNK̋ݙވ˂ȈڛݙYܚ]HΈܚMLL˓ӒٔْԊ˒̘ҚޘܒܒҝљіՔ͚Ґ؍Бٖ̐^ݛޑKԌВS֝LXŽ͖PܚQˌ^YVґRЏOH˂Ȉٙ]ȎȝݙKȈۚXٛܙHΈӒU˂Ȉٙ\[ٙ[ؚY\ȎȞИۛܜ˘ۛܜȎȈ׌K͋̈˂ȈЙXڋٚXYۛܝX܈Έ׌ˌΈ˂Ȉ؜ޛ؈Έ׌ˌˌȋȈڜ˜ݜ٘[HΈ׌ˌ̈˂ȈۛٙۜۈΈ׌ˍˌ˂Ȉًۛ][YHΈ׌K̋̈˂ȈܙXYXۙK\ݜ٘[HΈ׌ˍ̈˂ȈܘYً\ݘXۙK\ݜڛٚYވΈ׌ˌˌH˂ȈܝXڋ]ؘوΈ̋̋ވ˂ȈݜڜKX٘[HΈ׌K̋̈˂Ȉݚ[ܝۋ]؛ܜܝΈ׍΋̈KȈٛٚ[ٜȎȞۛٙHΈϏHLˌ̈BȈKȈۛٙWۛٝ[\˝ڛܝۋ]؛ܜܝΈݙ\ܚ[ۈΈ͋΋̈˂Ȉܙ\ۛٙΈڝ΋˜ٙڜݜދۜZ܋ًۜݚ[ܝۋ]؛ܜܝˋݚ[ܝۋ]؛ܜܝM΋̋ݙވ˂ȈڛݙYܚ]HΈܚMLLˎӒ͜ڙؔ̓YMы̕әҋޔN[̒Z\ӑ[ۑјݜXҝڜ͎ؐ^[̍ёޕLMݕۓӜQؓMЏOH˂Ȉٙ]ȎȝݙKȈۚXٛܙHΈӒU˂Ȉٙ\[ٙ[ؚY\ȎȞۛٙۜۈΈ׌ˍˌ˂ȈܙXYXۙK\ݜ٘[HΈ׌ˍˌȋȈݜڜKX٘[HΈ׌K̋̈KȈٛٚ[ٜȎȞۛٙHΈϏHLˌ̈BȈKȈۛٙWۛٝ[\˝ڛܝۋ]؛ܜܝۛٙWۛٝ[\˜٘YXۙK\ݜ٘[HΈݙ\ܚ[ۈΈ̋͋̈˂Ȉܙ\ۛٙΈڝ΋˜ٙڜݜދۜZ܋ًۜܙXYXۙK\ݜ٘[KˋܙXYXۙK\ݜ٘[KLˍˌ˝ވ˂ȈڛݙYܚ]HΈܚMLLˎ]KܛڐܖLэUٜєҞґM̖P֜[эQՒZPЍҘ܍֘ӖЖL^XNQRږYZΓ͞Нڑ܊ّ̒АT͔NT؛ЏOH˂Ȉٙ]ȎȝݙKȈۚXٛܙHΈӒU˂Ȉٙ\[ٙ[ؚY\ȎȞڛڙ\ڝȎȈ׌ˌ̈˂ȈܝڛٗٙXۙ\ȎȈ׌K̋̈˂Ȉݝ[Y\٘؝HΈ׌K̋̈KȈٛٚ[ٜȎȞۛٙHΈϏHȂȈBȈKȈۛٙWۛٝ[\˝ڛܝۋۛٙWۛٝ[\ːۛܜ˘ۛܜȎȞݙ\ܚ[ۈΈ̋͋̈˂Ȉܙ\ۛٙΈڝ΋˜ٙڜݜދۜZ܋ًۜИۛܜ˘ۛܜˋK؛ۛܜˌK͋̋ݙވ˂ȈڛݙYܚ]HΈܚMLL˒\ʐSژܞܒ\Ӎؚ݌Ԟ̓ڐ͓ړUҜ[ۜܘՋՒݕݞSӚ\՜PZڙ֍ҒTړޓܚXАΐ^RޓًِOOH˂Ȉٙ]ȎȝݙKȈۚXٛܙHΈӒU˂Ȉٛٚ[ٜȎȞۛٙHΈϏL̋ΌBȈKȈۛٙWۛٝ[\˝ڛܝۋۛٙWۛٝ[\˜٘YXۙK\ݜ٘[HΈݙ\ܚ[ۈΈ̋͋̈˂Ȉܙ\ۛٙΈڝ΋˜ٙڜݜދۜZ܋ًۜܙXYXۙK\ݜ٘[KˋܙXYXۙK\ݜ٘[KLˍˌ˝ވ˂ȈڛݙYܚ]HΈܚMLLˎ]KܛڐܖLэUٜєҞґM̖P֜[эQՒZPЍҘ܍֘ӖЖL^XNQRږYZΓ͞Нڑ܊ّ̒АT͔NT؛ЏOH˂Ȉٙ]ȎȝݙKȈۚXٛܙHΈӒU˂Ȉٙ\[ٙ[ؚY\ȎȞڛڙ\ڝȎȈ׌ˌ̈˂ȈܝڛٗٙXۙ\ȎȈ׌K̋̈˂Ȉݝ[Y\٘؝HΈ׌K̋̈KȈٛٚ[ٜȎȞۛٙHΈϏHȂȈBȈKȈۛٙWۛٝ[\˝ܘ\X[ܚHΈݙ\ܚ[ۈΈ͋̋̈˂Ȉܙ\ۛٙΈڝ΋˜ٙڜݜދۜZ܋ًۜݜ؜X[ܚKˋݜ؜X[ܚKMˌ̋ݙވ˂ȈڛݙYܚ]HΈܚMLL˖UђZ̚؛S՞͓ܖڛОԝܛ̞Xٙ\ۘ͜
Ԍ̘͞ԝV̜
әޕٞۓՓԍ֑֔͐U]]њMьMԏOH˂ȈۚXٛܙHΈӒU˂Ȉٙ\[ٙ[ؚY\ȎȞ؛ܚK\ݞ[\ȎȈ׍̋̈˂Ȉܝڛً]ڙΈ׍̋̈˂ȈܝڜX[ܚHΈ׍ˌ̈KȈٛٚ[ٜȎȞۛٙHΈϏLLKȈٝ[ٚ[وΈݜۈΈڝ΋˙ڝX˘ۛKؚ[˝ܘ\X[ܚOܜۜۜόHBȈKȈۛٙWۛٝ[\˝ܘ\X[ܚKXڜȎȞۘ[YHΈݜ؜X[ܚH˂Ȉݙ\ܚ[ۈΈ͋̋̈˂Ȉܙ\ۛٙΈڝ΋˜ٙڜݜދۜZ܋ًۜݜ؜X[ܚKˋݜ؜X[ܚKMˌ̋ݙވ˂ȈڛݙYܚ]HΈܚMLL˖UђZ̚؛S՞͓ܖڛОԝܛ̞Xٙ\ۘ͜
Ԍ̘͞ԝV̜
әޕٞۓՓԍ֑֔͐U]]њMьMԏOH˂Ȉٙ]ȎȝݙKȈۚXٛܙHΈӒU˂Ȉٙ\[ٙ[ؚY\ȎȞ؛ܚK\ݞ[\ȎȈ׍̋̈˂Ȉܝڛً]ڙΈ׍̋̈˂ȈܝڜX[ܚHΈ׍ˌ̈KȈٛٚ[ٜȎȞۛٙHΈϏLLKȈٝ[ٚ[وΈݜۈΈڝ΋˙ڝX˘ۛKؚ[˝ܘ\X[ܚOܜۜۜόHBȈKȈۛٙWۛٝ[\˝ܘ\HΈݙ\ܚ[ۈΈ̋̋̈˂Ȉܙ\ۛٙΈڝ΋˜ٙڜݜދۜZ܋ًۜݜ؜Kˋݜ؜KLK̋̋ݙވ˂ȈڛݙYܚ]HΈܚMLL˛܋єܙ[܎]ӍѝՌʕT[͌ٓZԚ֋ܜVٚXՎR۔̞\֌ݍ˒TS͝ޝѐٜ͘Tؔ̔Pݙ^ԘԏOH˂Ȉٙ]ȎȝݙKȈۚXٛܙHΈҔЈKȈۛٙWۛٝ[\˝ܚ]KYڛKX]ۚXȎȞݙ\ܚ[ۈΈ̋̋̈˂Ȉܙ\ۛٙΈڝ΋˜ٙڜݜދۜZ܋ًۜݜڝKYڛKX]ۚXˋKݜڝKYڛKX]ۚXˌˌ̋ݙވ˂ȈڛݙYܚ]HΈܚMLLː]Ҙޖ͒۔ٜLڛԞZܐڒ^U͛MОZ΋Γ^Kё[ےٝK΍ݜӛؙ[S̔PRѐ[ۑʖєʖڐT͝XLKԕ˔OOH˂Ȉٙ]ȎȝݙKȈۚXٛܙHΈҔЈ˂Ȉٙ\[ٙ[ؚY\ȎȞڛ]\۝\ژ\ڈΈ׌͈̋˂Ȉڜ˝\Y\ܘ^HΈ׌K̋̈˂ȈܚYۘ[Y^]Έ׌ˌ̈˂Ȉݞ\Y\ܘ^K]˘ݙٙ\ȎȈ׌ˌK͈BȈKȈۛٙWۛٝ[\˝ܚ]KYڛKX]ۚX˛ۙWۛٝ[\˜ڙۘ[Y^]Έݙ\ܚ[ۈΈ͈̋̋˂Ȉܙ\ۛٙΈڝ΋˜ٙڜݜދۜZ܋ًۜܚYۘ[Y^]ˋܚYۘ[Y^]Lˌ͋ݙވ˂ȈڛݙYܚ]HΈܚMLL˝ۑ֑JۊԔ˝[Ԍ֙QNSJ̝ݘS\RۙގPSU[̎ܞSЕԑؒ̔ܚM̓،Lݓ̙،ڛڝԚݜXєOOH˂Ȉٙ]ȎȝݙKȈۚXٛܙHΈҔЈKȈۛٙWۛٝ[\˝܈Έݙ\ܚ[ۈΈ΋̌K̈˂Ȉܙ\ۛٙΈڝ΋˜ٙڜݜދۜZ܋ًۜݜˋKݜˎ̌K̋ݙވ˂ȈڛݙYܚ]HΈܚMLLˌ̌U˚ԕޛԜ˓ҕڜ]VԌTՒ֘ݞ
ٌ^ގX̖X۞ӓQГۘQ̒ҙ՞ғѕ֍ӝܒʊۙݙٖT͌ݏOH˂Ȉٙ]ȎȝݙKȈۚXٛܙHΈӒU˂Ȉٛٚ[ٜȎȞۛٙHΈϏLL̋̈KȈܙY\љ\[ٙ[ؚY\ȎȞ؝Yٙ\ݝ[Έ׍̋̈˂Ȉݝˎ]؛Y]HΈϏMK̋̈KȈܙY\љ\[ٙ[ؚY\ә]HΈ؝Yٙ\ݝ[Έۜ[ۘ[ΈݙBȈKȈݝˎ]؛Y]HΈۜ[ۘ[ΈݙBȈBȈBȈKȈۛٙWۛٝ[\˞˘؜ٙ\ȎȞݙ\ܚ[ۈΈ͋̋̈˂Ȉܙ\ۛٙΈڝ΋˜ٙڜݜދۜZ܋ًۜޙ˘؜ٙ\ˋKޙ˘؜ٙ\ˍ̋̋ݙވ˂ȈڛݙYܚ]HΈܚMLL˔ӚRљZ֖U͚LۚQ\ΕؒYY܌ӓPY̓ћ\ښӚL͙V^TVPVUє]ҕؑ̑LՒ՚
ۜѓٓڛNTOOH˂Ȉٙ]ȎȝݙKȈۚXٛܙHΈӒU˂Ȉٛٚ[ٜȎȞۛٙHΈϏNBȈKȈۛٙWۛٝ[\˞[وΈݙ\ܚ[ۈΈ͋̋̈˂Ȉܙ\ۛٙΈڝ΋˜ٙڜݜދۜZ܋ًۜޝ[ًˋޝ[ًM̋̋ݙވ˂ȈڛݙYܚ]HΈܚMLL˓֕LZPV֕YЖΕTښ]JӕڞUVݙ܍ۘݖ[NYՒҌКݜ՝ѐ^˛P՘ݓњђXYҜۙܕQTOOH˂Ȉٙ]ȎȝݙKȈۚXٛܙHΈӒU˂Ȉٛٚ[ٜȎȞۛٙHΈϏL͈BȈKȈۛٙWۛٝ[\˞LNȎȞݙ\ܚ[ۈΈ͋̋Έ˂Ȉܙ\ۛٙΈڝ΋˜ٙڜݜދۜZ܋ًۜތNˋKތNˍK̋΋ݙވ˂ȈڛݙYܚ]HΈܚMLLˌўّٙҒҐ[UԌѝҚّ͚͜ێ]^ݙ^ZSЙԊ̛ђSܔ\Rԋ̓SՔ͋ʍԐ؎NSِOOH˂ȈۚXٛܙHΈҔЈ˂Ȉٛٚ[ٜȎȞۛٙHΈϏLLBȈKȈۛٙWۛٝ[\˞X[\݈Έݙ\ܚ[ۈΈ͋̋̈˂Ȉܙ\ۛٙΈڝ΋˜ٙڜݜދۜZ܋ًۜޘ[\݋ˋޘ[\݋MK̋̋ݙވ˂ȈڛݙYܚ]HΈܚMLL˖YݕUݜ^X͕VӜЊԒ[\ՖTەΖݔܝ֓R[SJۍʔUڔ֞V[LPܕٜ^Ց̒ՑْZ^UڑќӑϏH˂Ȉٙ]ȎȝݙKȈۚXٛܙHΈЛYSؚˌK̋̈˂Ȉٛٚ[ٜȎȞۛٙHΈϏLNBȈKȈۛٙWۛٝ[\˞X[[Έݙ\ܚ[ۈΈ̋΋̈˂Ȉܙ\ۛٙΈڝ΋˜ٙڜݜދۜZ܋ًۜޘ[[ˋޘ[[LˎK̋ݙވ˂ȈڛݙYܚ]HΈܚMLLˌНړ֌ۘΞٍ֞Mғ՝ܛQ̍R͕ۜZ̜ܕۚғܖ[ٓRSRڞ]Q܌ҙRL֑ޕTٛʌӘ̌ٓSЏOH˂Ȉٙ]Ӝ[ۘ[ΈݙKȈۚXٛܙHΈҔЈ˂Ȉؚ[ȎȞޘ[[Έؚ[˛Z܈KȈٛٚ[ٜȎȞۛٙHΈϏHM͈KȈٝ[ٚ[وΈݜۈΈڝ΋˙ڝX˘ۛKܜۜۜ܋ٙ[Y[HBȈKȈۛٙWۛٝ[\˞X\ٜȎȞݙ\ܚ[ۈΈ̍ˍˌȋȈܙ\ۛٙΈڝ΋˜ٙڜݜދۜZ܋ًۜޘ\ٜˋKޘ\ٜˌMˍˌ˝ވ˂ȈڛݙYܚ]HΈܚMLLˑ֝ޛKҋ͕ޝSѓ֚ЛSݐ՛ҝ˜՛RԒ^RٖPVܛRЌڙΕ؝PЍ^؎ѓҕґ\\یҕޓ݌ۜՌϏH˂ȈۚXٛܙHΈӒU˂Ȉٙ\[ٙ[ؚY\ȎȞ؛]ZHΈ׎̋̈˂Ȉؘٜ[YHΈ׌ˌK̈˂Ȉٙ]X؛\˙ڛHΈ׌ˌ͈˂Ȉܙ\]Z\ًY\٘ݛܞHΈ׌ˌK̈˂Ȉܝڛً]ڙΈ׍̋̈˂ȈތNȎȈ׍K͈̋˂Ȉޘ\ٜ˜\ܙ\ȎȈ׌̋̋̈KȈٛٚ[ٜȎȞۛٙHΈϏLLȂȈBȈKȈۛٙWۛٝ[\˞X\ٜ˜\ܙ\ȎȞݙ\ܚ[ۈΈ̌K̋̈˂Ȉܙ\ۛٙΈڝ΋˜ٙڜݜދۜZ܋ًۜޘ\ٜ˜\ܙ\ˋKޘ\ٜ˜\ܙ\ˌ̋̋̋ݙވ˂ȈڛݙYܚ]HΈܚMLL˝ܜҕ͑٘КQܘҐ̙LܞT\эӛԘٕ͋ؘҐ͚ܕڛۘLيیҘېҝZҞܞ͕ҕЊѕ]X̋ӐݏOH˂ȈۚXٛܙHΈҔЈ˂Ȉٛٚ[ٜȎȞۛٙHΈϏLLȂȈBȈKȈۛٙWۛٝ[\˞[؝؛ۛܜ˘ڜȎȞݙ\ܚ[ۈΈ̋̋̈˂Ȉܙ\ۛٙΈڝ΋˜ٙڜݜދۜZ܋ًۜޛ؝؛ۛܜ˘ڜˋKޛ؝؛ۛܜ˘ڜˌˌK̋ݙވ˂ȈڛݙYܚ]HΈܚMLL˕KԐݑ̍YٌٙҖQTސRMڒ۞֝Д͓ٞL̎LJԛؒYڊܕѕԒPՕғ̐U؛Zٙۍݜ͖P՝ϏH˂Ȉٙ]ȎȝݙKȈۚXٛܙHΈӒU˂Ȉٛٚ[ٜȎȞۛٙHΈϏLNKȈٝ[ٚ[وΈݜۈΈڝ΋˙ڝX˘ۛKܜۜۜ܋ܚ[ٜٜۜڝ\ȂȈBȈKȈۛٙWۛٝ[\˞ڜ\ݜ٘[HΈݙ\ܚ[ۈΈ͋̋̈˂Ȉܙ\ۛٙΈڝ΋˜ٙڜݜދۜZ܋ًۜޚ\\ݜ٘[Kˋޚ\\ݜ٘[KMˌ̋ݙވ˂ȈڛݙYܚ]HΈܚMLL˞ҍ֒͖֜ΎPRTԕђҍݝڙڞݜՙݐٌU^XUݙ̞ђԕՋќMY͓А՛܍ؖҘPΕM͙ЏOH˂Ȉٙ]ȎȝݙKȈۚXٛܙHΈӒU˂Ȉٙ\[ٙ[ؚY\ȎȞ؜ؚ]ٜ˝][ȎȈ׍K̋̈˂Ȉ؛ۜٜ܋Xۛ[[ۜȎȈ׍ˌ̈˂ȈܙXYXۙK\ݜ٘[HΈ׍̋̈KȈٛٚ[ٜȎȞۛٙHΈϏHMBȈKȈۛٙWۛٝ[\˞ۙΈݙ\ܚ[ۈΈ͈͋͋˂Ȉܙ\ۛٙΈڝ΋˜ٙڜݜދۜZ܋ًۜޛًˋޛًM͋͋ݙވ˂ȈڛݙYܚ]HΈܚMLL˜ЎM]ZRYݜ͐NZڊӑXTЕQӊܛTXԙӓ]ә͔PМ\،ՙݛܕݒ͖J͕YЍҜ]Y۝UӑڕЏOH˂Ȉٙ]ȎȝݙKȈۚXٛܙHΈӒU˂Ȉٝ[ٚ[وΈݜۈΈڝ΋˙ڝX˘ۛKܜۜۜ܋؛ۚ[ژXڜȂȈBȈKȈۛٙWۛٝ[\˞ۙ]˚ܛۋ\ؚ[XHΈݙ\ܚ[ۈΈ̋̍K̈˂Ȉܙ\ۛٙΈڝ΋˜ٙڜݜދۜZ܋ًۜޛً]˚ܛۋ\ؚ[XKˋޛً]˚ܛۋ\ؚ[XKLˌ͋̋ݙވ˂ȈڛݙYܚ]HΈܚMLL˓˔ٛܕ^ԑTVTЙԒMQތڔΌ[RՑVSRғZQܝԍSTەۙێЛL͍ٖ֓ғMєޝTӐQۚҐOOH˂Ȉٙ]ȎȝݙKȈۚXٛܙHΈҔЈ˂ȈܙY\љ\[ٙ[ؚY\ȎȞޛوΈ׌ˌ͋̎͈BȈBȈB߂